
Microsoft Visual Studio Solution File, Format Version 12.00
# Visual Studio Version 16
VisualStudioVersion = 16.0.29911.84
MinimumVisualStudioVersion = 10.0.40219.1
Project("{9A19103F-16F7-4668-BE54-9A1E7A4F7556}") = "F1SeasonResults", "F1SeasonResults\F1SeasonResults.csproj", "{F6C55981-795C-4B0F-92CA-423E220FD82A}"
EndProject
Project("{9A19103F-16F7-4668-BE54-9A1E7A4F7556}") = "F1SeasonResults.Entities", "F1SeasonResults.Entities\F1SeasonResults.Entities.csproj", "{9E98CA47-FA0E-443D-A47D-EC5E5009DB78}"
EndProject
Project("{9A19103F-16F7-4668-BE54-9A1E7A4F7556}") = "F1SeasonResult.Service", "F1SeasonResult.Service\F1SeasonResult.Service.csproj", "{3680BEAA-C8F0-4EE0-8AFC-56D2EA494460}"
EndProject
Project("{FAE04EC0-301F-11D3-BF4B-00C04F79EFBC}") = "Tests", "Tests\Tests.csproj", "{317C04C0-8824-4F7E-A2FD-8838DB9A6C91}"
EndProject
Global
	GlobalSection(SolutionConfigurationPlatforms) = preSolution
		Debug|Any CPU = Debug|Any CPU
		Release|Any CPU = Release|Any CPU
	EndGlobalSection
	GlobalSection(ProjectConfigurationPlatforms) = postSolution
		{F6C55981-795C-4B0F-92CA-423E220FD82A}.Debug|Any CPU.ActiveCfg = Debug|Any CPU
		{F6C55981-795C-4B0F-92CA-423E220FD82A}.Debug|Any CPU.Build.0 = Debug|Any CPU
		{F6C55981-795C-4B0F-92CA-423E220FD82A}.Release|Any CPU.ActiveCfg = Release|Any CPU
		{F6C55981-795C-4B0F-92CA-423E220FD82A}.Release|Any CPU.Build.0 = Release|Any CPU
		{9E98CA47-FA0E-443D-A47D-EC5E5009DB78}.Debug|Any CPU.ActiveCfg = Debug|Any CPU
		{9E98CA47-FA0E-443D-A47D-EC5E5009DB78}.Debug|Any CPU.Build.0 = Debug|Any CPU
		{9E98CA47-FA0E-443D-A47D-EC5E5009DB78}.Release|Any CPU.ActiveCfg = Release|Any CPU
		{9E98CA47-FA0E-443D-A47D-EC5E5009DB78}.Release|Any CPU.Build.0 = Release|Any CPU
		{3680BEAA-C8F0-4EE0-8AFC-56D2EA494460}.Debug|Any CPU.ActiveCfg = Debug|Any CPU
		{3680BEAA-C8F0-4EE0-8AFC-56D2EA494460}.Debug|Any CPU.Build.0 = Debug|Any CPU
		{3680BEAA-C8F0-4EE0-8AFC-56D2EA494460}.Release|Any CPU.ActiveCfg = Release|Any CPU
		{3680BEAA-C8F0-4EE0-8AFC-56D2EA494460}.Release|Any CPU.Build.0 = Release|Any CPU
		{317C04C0-8824-4F7E-A2FD-8838DB9A6C91}.Debug|Any CPU.ActiveCfg = Debug|Any CPU
		{317C04C0-8824-4F7E-A2FD-8838DB9A6C91}.Debug|Any CPU.Build.0 = Debug|Any CPU
		{317C04C0-8824-4F7E-A2FD-8838DB9A6C91}.Release|Any CPU.ActiveCfg = Release|Any CPU
		{317C04C0-8824-4F7E-A2FD-8838DB9A6C91}.Release|Any CPU.Build.0 = Release|Any CPU
	EndGlobalSection
	GlobalSection(SolutionProperties) = preSolution
		HideSolutionNode = FALSE
	EndGlobalSection
	GlobalSection(ExtensibilityGlobals) = postSolution
		SolutionGuid = {F0D2C6E9-B321-4DAC-9257-89D554E1F7A6}
	EndGlobalSection
EndGlobal
